// !$*UTF8*$!
{
	archiveVersion = 1;
	classes = {
	};
	objectVersion = 46;
	objects = {

/* Begin PBXBuildFile section */
		B2747F6319B661DB006DCE2E /* Foundation.framework in Frameworks */ = {isa = PBXBuildFile; fileRef = B2747F6219B661DB006DCE2E /* Foundation.framework */; };
		B2747F6519B661DB006DCE2E /* CoreGraphics.framework in Frameworks */ = {isa = PBXBuildFile; fileRef = B2747F6419B661DB006DCE2E /* CoreGraphics.framework */; };
		B2747F6719B661DB006DCE2E /* UIKit.framework in Frameworks */ = {isa = PBXBuildFile; fileRef = B2747F6619B661DB006DCE2E /* UIKit.framework */; };
		B2747F6D19B661DB006DCE2E /* InfoPlist.strings in Resources */ = {isa = PBXBuildFile; fileRef = B2747F6B19B661DB006DCE2E /* InfoPlist.strings */; };
		B2747F6F19B661DB006DCE2E /* main.m in Sources */ = {isa = PBXBuildFile; fileRef = B2747F6E19B661DB006DCE2E /* main.m */; };
		B2747F7319B661DB006DCE2E /* AppDelegate.m in Sources */ = {isa = PBXBuildFile; fileRef = B2747F7219B661DB006DCE2E /* AppDelegate.m */; };
		B2747F7619B661DB006DCE2E /* Main_iPhone.storyboard in Resources */ = {isa = PBXBuildFile; fileRef = B2747F7419B661DB006DCE2E /* Main_iPhone.storyboard */; };
		B2747F7919B661DB006DCE2E /* Main_iPad.storyboard in Resources */ = {isa = PBXBuildFile; fileRef = B2747F7719B661DB006DCE2E /* Main_iPad.storyboard */; };
		B2747F7C19B661DB006DCE2E /* ViewController.m in Sources */ = {isa = PBXBuildFile; fileRef = B2747F7B19B661DB006DCE2E /* ViewController.m */; };
		B2747F7E19B661DB006DCE2E /* Images.xcassets in Resources */ = {isa = PBXBuildFile; fileRef = B2747F7D19B661DB006DCE2E /* Images.xcassets */; };
		B2747F8519B661DB006DCE2E /* XCTest.framework in Frameworks */ = {isa = PBXBuildFile; fileRef = B2747F8419B661DB006DCE2E /* XCTest.framework */; };
		B2747F8619B661DB006DCE2E /* Foundation.framework in Frameworks */ = {isa = PBXBuildFile; fileRef = B2747F6219B661DB006DCE2E /* Foundation.framework */; };
		B2747F8719B661DB006DCE2E /* UIKit.framework in Frameworks */ = {isa = PBXBuildFile; fileRef = B2747F6619B661DB006DCE2E /* UIKit.framework */; };
		B2747F8F19B661DB006DCE2E /* InfoPlist.strings in Resources */ = {isa = PBXBuildFile; fileRef = B2747F8D19B661DB006DCE2E /* InfoPlist.strings */; };
		B2747F9119B661DB006DCE2E /* iPhoneSettingsTests.m in Sources */ = {isa = PBXBuildFile; fileRef = B2747F9019B661DB006DCE2E /* iPhoneSettingsTests.m */; };
/* End PBXBuildFile section */

/* Begin PBXContainerItemProxy section */
		B2747F8819B661DB006DCE2E /* PBXContainerItemProxy */ = {
			isa = PBXContainerItemProxy;
			containerPortal = B2747F5719B661DB006DCE2E /* Project object */;
			proxyType = 1;
			remoteGlobalIDString = B2747F5E19B661DB006DCE2E;
			remoteInfo = iPhoneSettings;
		};
/* End PBXContainerItemProxy section */

/* Begin PBXFileReference section */
		B2747F5F19B661DB006DCE2E /* iPhoneSettings.app */ = {isa = PBXFileReference; explicitFileType = wrapper.application; includeInIndex = 0; path = iPhoneSettings.app; sourceTree = BUILT_PRODUCTS_DIR; };
		B2747F6219B661DB006DCE2E /* Foundation.framework */ = {isa = PBXFileReference; lastKnownFileType = wrapper.framework; name = Foundation.framework; path = System/Library/Frameworks/Foundation.framework; sourceTree = SDKROOT; };
		B2747F6419B661DB006DCE2E /* CoreGraphics.framework */ = {isa = PBXFileReference; lastKnownFileType = wrapper.framework; name = CoreGraphics.framework; path = System/Library/Frameworks/CoreGraphics.framework; sourceTree = SDKROOT; };
		B2747F6619B661DB006DCE2E /* UIKit.framework */ = {isa = PBXFileReference; lastKnownFileType = wrapper.framework; name = UIKit.framework; path = System/Library/Frameworks/UIKit.framework; sourceTree = SDKROOT; };
		B2747F6A19B661DB006DCE2E /* iPhoneSettings-Info.plist */ = {isa = PBXFileReference; lastKnownFileType = text.plist.xml; path = "iPhoneSettings-Info.plist"; sourceTree = "<group>"; };
		B2747F6C19B661DB006DCE2E /* en */ = {isa = PBXFileReference; lastKnownFileType = text.plist.strings; name = en; path = en.lproj/InfoPlist.strings; sourceTree = "<group>"; };
		B2747F6E19B661DB006DCE2E /* main.m */ = {isa = PBXFileReference; lastKnownFileType = sourcecode.c.objc; path = main.m; sourceTree = "<group>"; };
		B2747F7019B661DB006DCE2E /* iPhoneSettings-Prefix.pch */ = {isa = PBXFileReference; lastKnownFileType = sourcecode.c.h; path = "iPhoneSettings-Prefix.pch"; sourceTree = "<group>"; };
		B2747F7119B661DB006DCE2E /* AppDelegate.h */ = {isa = PBXFileReference; lastKnownFileType = sourcecode.c.h; path = AppDelegate.h; sourceTree = "<group>"; };
		B2747F7219B661DB006DCE2E /* AppDelegate.m */ = {isa = PBXFileReference; lastKnownFileType = sourcecode.c.objc; path = AppDelegate.m; sourceTree = "<group>"; };
		B2747F7519B661DB006DCE2E /* Base */ = {isa = PBXFileReference; lastKnownFileType = file.storyboard; name = Base; path = Base.lproj/Main_iPhone.storyboard; sourceTree = "<group>"; };
		B2747F7819B661DB006DCE2E /* Base */ = {isa = PBXFileReference; lastKnownFileType = file.storyboard; name = Base; path = Base.lproj/Main_iPad.storyboard; sourceTree = "<group>"; };
		B2747F7A19B661DB006DCE2E /* ViewController.h */ = {isa = PBXFileReference; lastKnownFileType = sourcecode.c.h; path = ViewController.h; sourceTree = "<group>"; };
		B2747F7B19B661DB006DCE2E /* ViewController.m */ = {isa = PBXFileReference; lastKnownFileType = sourcecode.c.objc; path = ViewController.m; sourceTree = "<group>"; };
		B2747F7D19B661DB006DCE2E /* Images.xcassets */ = {isa = PBXFileReference; lastKnownFileType = folder.assetcatalog; path = Images.xcassets; sourceTree = "<group>"; };
		B2747F8319B661DB006DCE2E /* iPhoneSettingsTests.xctest */ = {isa = PBXFileReference; explicitFileType = wrapper.cfbundle; includeInIndex = 0; path = iPhoneSettingsTests.xctest; sourceTree = BUILT_PRODUCTS_DIR; };
		B2747F8419B661DB006DCE2E /* XCTest.framework */ = {isa = PBXFileReference; lastKnownFileType = wrapper.framework; name = XCTest.framework; path = Library/Frameworks/XCTest.framework; sourceTree = DEVELOPER_DIR; };
		B2747F8C19B661DB006DCE2E /* iPhoneSettingsTests-Info.plist */ = {isa = PBXFileReference; lastKnownFileType = text.plist.xml; path = "iPhoneSettingsTests-Info.plist"; sourceTree = "<group>"; };
		B2747F8E19B661DB006DCE2E /* en */ = {isa = PBXFileReference; lastKnownFileType = text.plist.strings; name = en; path = en.lproj/InfoPlist.strings; sourceTree = "<group>"; };
		B2747F9019B661DB006DCE2E /* iPhoneSettingsTests.m */ = {isa = PBXFileReference; lastKnownFileType = sourcecode.c.objc; path = iPhoneSettingsTests.m; sourceTree = "<group>"; };
/* End PBXFileReference section */

/* Begin PBXFrameworksBuildPhase section */
		B2747F5C19B661DB006DCE2E /* Frameworks */ = {
			isa = PBXFrameworksBuildPhase;
			buildActionMask = 2147483647;
			files = (
				B2747F6519B661DB006DCE2E /* CoreGraphics.framework in Frameworks */,
				B2747F6719B661DB006DCE2E /* UIKit.framework in Frameworks */,
				B2747F6319B661DB006DCE2E /* Foundation.framework in Frameworks */,
			);
			runOnlyForDeploymentPostprocessing = 0;
		};
		B2747F8019B661DB006DCE2E /* Frameworks */ = {
			isa = PBXFrameworksBuildPhase;
			buildActionMask = 2147483647;
			files = (
				B2747F8519B661DB006DCE2E /* XCTest.framework in Frameworks */,
				B2747F8719B661DB006DCE2E /* UIKit.framework in Frameworks */,
				B2747F8619B661DB006DCE2E /* Foundation.framework in Frameworks */,
			);
			runOnlyForDeploymentPostprocessing = 0;
		};
/* End PBXFrameworksBuildPhase section */

/* Begin PBXGroup section */
		B2747F5619B661DB006DCE2E = {
			isa = PBXGroup;
			children = (
				B2747F6819B661DB006DCE2E /* iPhoneSettings */,
				B2747F8A19B661DB006DCE2E /* iPhoneSettingsTests */,
				B2747F6119B661DB006DCE2E /* Frameworks */,
				B2747F6019B661DB006DCE2E /* Products */,
			);
			sourceTree = "<group>";
		};
		B2747F6019B661DB006DCE2E /* Products */ = {
			isa = PBXGroup;
			children = (
				B2747F5F19B661DB006DCE2E /* iPhoneSettings.app */,
				B2747F8319B661DB006DCE2E /* iPhoneSettingsTests.xctest */,
			);
			name = Products;
			sourceTree = "<group>";
		};
		B2747F6119B661DB006DCE2E /* Frameworks */ = {
			isa = PBXGroup;
			children = (
				B2747F6219B661DB006DCE2E /* Foundation.framework */,
				B2747F6419B661DB006DCE2E /* CoreGraphics.framework */,
				B2747F6619B661DB006DCE2E /* UIKit.framework */,
				B2747F8419B661DB006DCE2E /* XCTest.framework */,
			);
			name = Frameworks;
			sourceTree = "<group>";
		};
		B2747F6819B661DB006DCE2E /* iPhoneSettings */ = {
			isa = PBXGroup;
			children = (
				B2747F7119B661DB006DCE2E /* AppDelegate.h */,
				B2747F7219B661DB006DCE2E /* AppDelegate.m */,
				B2747F7419B661DB006DCE2E /* Main_iPhone.storyboard */,
				B2747F7719B661DB006DCE2E /* Main_iPad.storyboard */,
				B2747F7A19B661DB006DCE2E /* ViewController.h */,
				B2747F7B19B661DB006DCE2E /* ViewController.m */,
				B2747F7D19B661DB006DCE2E /* Images.xcassets */,
				B2747F6919B661DB006DCE2E /* Supporting Files */,
			);
			path = iPhoneSettings;
			sourceTree = "<group>";
		};
		B2747F6919B661DB006DCE2E /* Supporting Files */ = {
			isa = PBXGroup;
			children = (
				B2747F6A19B661DB006DCE2E /* iPhoneSettings-Info.plist */,
				B2747F6B19B661DB006DCE2E /* InfoPlist.strings */,
				B2747F6E19B661DB006DCE2E /* main.m */,
				B2747F7019B661DB006DCE2E /* iPhoneSettings-Prefix.pch */,
			);
			name = "Supporting Files";
			sourceTree = "<group>";
		};
		B2747F8A19B661DB006DCE2E /* iPhoneSettingsTests */ = {
			isa = PBXGroup;
			children = (
				B2747F9019B661DB006DCE2E /* iPhoneSettingsTests.m */,
				B2747F8B19B661DB006DCE2E /* Supporting Files */,
			);
			path = iPhoneSettingsTests;
			sourceTree = "<group>";
		};
		B2747F8B19B661DB006DCE2E /* Supporting Files */ = {
			isa = PBXGroup;
			children = (
				B2747F8C19B661DB006DCE2E /* iPhoneSettingsTests-Info.plist */,
				B2747F8D19B661DB006DCE2E /* InfoPlist.strings */,
			);
			name = "Supporting Files";
			sourceTree = "<group>";
		};
/* End PBXGroup section */

/* Begin PBXNativeTarget section */
		B2747F5E19B661DB006DCE2E /* iPhoneSettings */ = {
			isa = PBXNativeTarget;
			buildConfigurationList = B2747F9419B661DB006DCE2E /* Build configuration list for PBXNativeTarget "iPhoneSettings" */;
			buildPhases = (
				B2747F5B19B661DB006DCE2E /* Sources */,
				B2747F5C19B661DB006DCE2E /* Frameworks */,
				B2747F5D19B661DB006DCE2E /* Resources */,
			);
			buildRules = (
			);
			dependencies = (
			);
			name = iPhoneSettings;
			productName = iPhoneSettings;
			productReference = B2747F5F19B661DB006DCE2E /* iPhoneSettings.app */;
			productType = "com.apple.product-type.application";
		};
		B2747F8219B661DB006DCE2E /* iPhoneSettingsTests */ = {
			isa = PBXNativeTarget;
			buildConfigurationList = B2747F9719B661DB006DCE2E /* Build configuration list for PBXNativeTarget "iPhoneSettingsTests" */;
			buildPhases = (
				B2747F7F19B661DB006DCE2E /* Sources */,
				B2747F8019B661DB006DCE2E /* Frameworks */,
				B2747F8119B661DB006DCE2E /* Resources */,
			);
			buildRules = (
			);
			dependencies = (
				B2747F8919B661DB006DCE2E /* PBXTargetDependency */,
			);
			name = iPhoneSettingsTests;
			productName = iPhoneSettingsTests;
			productReference = B2747F8319B661DB006DCE2E /* iPhoneSettingsTests.xctest */;
			productType = "com.apple.product-type.bundle.unit-test";
		};
/* End PBXNativeTarget section */

/* Begin PBXProject section */
		B2747F5719B661DB006DCE2E /* Project object */ = {
			isa = PBXProject;
			attributes = {
				LastUpgradeCheck = 0510;
				ORGANIZATIONNAME = "PlumChoice Inc";
				TargetAttributes = {
					B2747F8219B661DB006DCE2E = {
						TestTargetID = B2747F5E19B661DB006DCE2E;
					};
				};
			};
			buildConfigurationList = B2747F5A19B661DB006DCE2E /* Build configuration list for PBXProject "iPhoneSettings" */;
			compatibilityVersion = "Xcode 3.2";
			developmentRegion = English;
			hasScannedForEncodings = 0;
			knownRegions = (
				en,
				Base,
			);
			mainGroup = B2747F5619B661DB006DCE2E;
			productRefGroup = B2747F6019B661DB006DCE2E /* Products */;
			projectDirPath = "";
			projectRoot = "";
			targets = (
				B2747F5E19B661DB006DCE2E /* iPhoneSettings */,
				B2747F8219B661DB006DCE2E /* iPhoneSettingsTests */,
			);
		};
/* End PBXProject section */

/* Begin PBXResourcesBuildPhase section */
		B2747F5D19B661DB006DCE2E /* Resources */ = {
			isa = PBXResourcesBuildPhase;
			buildActionMask = 2147483647;
			files = (
				B2747F7919B661DB006DCE2E /* Main_iPad.storyboard in Resources */,
				B2747F7E19B661DB006DCE2E /* Images.xcassets in Resources */,
				B2747F7619B661DB006DCE2E /* Main_iPhone.storyboard in Resources */,
				B2747F6D19B661DB006DCE2E /* InfoPlist.strings in Resources */,
			);
			runOnlyForDeploymentPostprocessing = 0;
		};
		B2747F8119B661DB006DCE2E /* Resources */ = {
			isa = PBXResourcesBuildPhase;
			buildActionMask = 2147483647;
			files = (
				B2747F8F19B661DB006DCE2E /* InfoPlist.strings in Resources */,
			);
			runOnlyForDeploymentPostprocessing = 0;
		};
/* End PBXResourcesBuildPhase section */

/* Begin PBXSourcesBuildPhase section */
		B2747F5B19B661DB006DCE2E /* Sources */ = {
			isa = PBXSourcesBuildPhase;
			buildActionMask = 2147483647;
			files = (
				B2747F7C19B661DB006DCE2E /* ViewController.m in Sources */,
				B2747F7319B661DB006DCE2E /* AppDelegate.m in Sources */,
				B2747F6F19B661DB006DCE2E /* main.m in Sources */,
			);
			runOnlyForDeploymentPostprocessing = 0;
		};
		B2747F7F19B661DB006DCE2E /* Sources */ = {
			isa = PBXSourcesBuildPhase;
			buildActionMask = 2147483647;
			files = (
				B2747F9119B661DB006DCE2E /* iPhoneSettingsTests.m in Sources */,
			);
			runOnlyForDeploymentPostprocessing = 0;
		};
/* End PBXSourcesBuildPhase section */

/* Begin PBXTargetDependency section */
		B2747F8919B661DB006DCE2E /* PBXTargetDependency */ = {
			isa = PBXTargetDependency;
			target = B2747F5E19B661DB006DCE2E /* iPhoneSettings */;
			targetProxy = B2747F8819B661DB006DCE2E /* PBXContainerItemProxy */;
		};
/* End PBXTargetDependency section */

/* Begin PBXVariantGroup section */
		B2747F6B19B661DB006DCE2E /* InfoPlist.strings */ = {
			isa = PBXVariantGroup;
			children = (
				B2747F6C19B661DB006DCE2E /* en */,
			);
			name = InfoPlist.strings;
			sourceTree = "<group>";
		};
		B2747F7419B661DB006DCE2E /* Main_iPhone.storyboard */ = {
			isa = PBXVariantGroup;
			children = (
				B2747F7519B661DB006DCE2E /* Base */,
			);
			name = Main_iPhone.storyboard;
			sourceTree = "<group>";
		};
		B2747F7719B661DB006DCE2E /* Main_iPad.storyboard */ = {
			isa = PBXVariantGroup;
			children = (
				B2747F7819B661DB006DCE2E /* Base */,
			);
			name = Main_iPad.storyboard;
			sourceTree = "<group>";
		};
		B2747F8D19B661DB006DCE2E /* InfoPlist.strings */ = {
			isa = PBXVariantGroup;
			children = (
				B2747F8E19B661DB006DCE2E /* en */,
			);
			name = InfoPlist.strings;
			sourceTree = "<group>";
		};
/* End PBXVariantGroup section */

/* Begin XCBuildConfiguration section */
		B2747F9219B661DB006DCE2E /* Debug */ = {
			isa = XCBuildConfiguration;
			buildSettings = {
				ALWAYS_SEARCH_USER_PATHS = NO;
				CLANG_CXX_LANGUAGE_STANDARD = "gnu++0x";
				CLANG_CXX_LIBRARY = "libc++";
				CLANG_ENABLE_MODULES = YES;
				CLANG_ENABLE_OBJC_ARC = YES;
				CLANG_WARN_BOOL_CONVERSION = YES;
				CLANG_WARN_CONSTANT_CONVERSION = YES;
				CLANG_WARN_DIRECT_OBJC_ISA_USAGE = YES_ERROR;
				CLANG_WARN_EMPTY_BODY = YES;
				CLANG_WARN_ENUM_CONVERSION = YES;
				CLANG_WARN_INT_CONVERSION = YES;
				CLANG_WARN_OBJC_ROOT_CLASS = YES_ERROR;
				CLANG_WARN__DUPLICATE_METHOD_MATCH = YES;
				"CODE_SIGN_IDENTITY[sdk=iphoneos*]" = "iPhone Developer";
				COPY_PHASE_STRIP = NO;
				GCC_C_LANGUAGE_STANDARD = gnu99;
				GCC_DYNAMIC_NO_PIC = NO;
				GCC_OPTIMIZATION_LEVEL = 0;
				GCC_PREPROCESSOR_DEFINITIONS = (
					"DEBUG=1",
					"$(inherited)",
				);
				GCC_SYMBOLS_PRIVATE_EXTERN = NO;
				GCC_WARN_64_TO_32_BIT_CONVERSION = YES;
				GCC_WARN_ABOUT_RETURN_TYPE = YES_ERROR;
				GCC_WARN_UNDECLARED_SELECTOR = YES;
				GCC_WARN_UNINITIALIZED_AUTOS = YES_AGGRESSIVE;
				GCC_WARN_UNUSED_FUNCTION = YES;
				GCC_WARN_UNUSED_VARIABLE = YES;
				IPHONEOS_DEPLOYMENT_TARGET = 7.1;
				ONLY_ACTIVE_ARCH = YES;
				SDKROOT = iphoneos;
				TARGETED_DEVICE_FAMILY = "1,2";
			};
			name = Debug;
		};
		B2747F9319B661DB006DCE2E /* Release */ = {
			isa = XCBuildConfiguration;
			buildSettings = {
				ALWAYS_SEARCH_USER_PATHS = NO;
				CLANG_CXX_LANGUAGE_STANDARD = "gnu++0x";
				CLANG_CXX_LIBRARY = "libc++";
				CLANG_ENABLE_MODULES = YES;
				CLANG_ENABLE_OBJC_ARC = YES;
				CLANG_WARN_BOOL_CONVERSION = YES;
				CLANG_WARN_CONSTANT_CONVERSION = YES;
				CLANG_WARN_DIRECT_OBJC_ISA_USAGE = YES_ERROR;
				CLANG_WARN_EMPTY_BODY = YES;
				CLANG_WARN_ENUM_CONVERSION = YES;
				CLANG_WARN_INT_CONVERSION = YES;
				CLANG_WARN_OBJC_ROOT_CLASS = YES_ERROR;
				CLANG_WARN__DUPLICATE_METHOD_MATCH = YES;
				"CODE_SIGN_IDENTITY[sdk=iphoneos*]" = "iPhone Developer";
				COPY_PHASE_STRIP = YES;
				ENABLE_NS_ASSERTIONS = NO;
				GCC_C_LANGUAGE_STANDARD = gnu99;
				GCC_WARN_64_TO_32_BIT_CONVERSION = YES;
				GCC_WARN_ABOUT_RETURN_TYPE = YES_ERROR;
				GCC_WARN_UNDECLARED_SELECTOR = YES;
				GCC_WARN_UNINITIALIZED_AUTOS = YES_AGGRESSIVE;
				GCC_WARN_UNUSED_FUNCTION = YES;
				GCC_WARN_UNUSED_VARIABLE = YES;
				IPHONEOS_DEPLOYMENT_TARGET = 7.1;
				SDKROOT = iphoneos;
				TARGETED_DEVICE_FAMILY = "1,2";
				VALIDATE_PRODUCT = YES;
			};
			name = Release;
		};
		B2747F9519B661DB006DCE2E /* Debug */ = {
			isa = XCBuildConfiguration;
			buildSettings = {
				ASSETCATALOG_COMPILER_APPICON_NAME = AppIcon;
				ASSETCATALOG_COMPILER_LAUNCHIMAGE_NAME = LaunchImage;
				GCC_PRECOMPILE_PREFIX_HEADER = YES;
				GCC_PREFIX_HEADER = "iPhoneSettings/iPhoneSettings-Prefix.pch";
				INFOPLIST_FILE = "iPhoneSettings/iPhoneSettings-Info.plist";
				PRODUCT_NAME = "$(TARGET_NAME)";
				WRAPPER_EXTENSION = app;
			};
			name = Debug;
		};
		B2747F9619B661DB006DCE2E /* Release */ = {
			isa = XCBuildConfiguration;
			buildSettings = {
				ASSETCATALOG_COMPILER_APPICON_NAME = AppIcon;
				ASSETCATALOG_COMPILER_LAUNCHIMAGE_NAME = LaunchImage;
				GCC_PRECOMPILE_PREFIX_HEADER = YES;
				GCC_PREFIX_HEADER = "iPhoneSettings/iPhoneSettings-Prefix.pch";
				INFOPLIST_FILE = "iPhoneSettings/iPhoneSettings-Info.plist";
				PRODUCT_NAME = "$(TARGET_NAME)";
				WRAPPER_EXTENSION = app;
			};
			name = Release;
		};
		B2747F9819B661DB006DCE2E /* Debug */ = {
			isa = XCBuildConfiguration;
			buildSettings = {
				BUNDLE_LOADER = "$(BUILT_PRODUCTS_DIR)/iPhoneSettings.app/iPhoneSettings";
				FRAMEWORK_SEARCH_PATHS = (
					"$(SDKROOT)/Developer/Library/Frameworks",
					"$(inherited)",
					"$(DEVELOPER_FRAMEWORKS_DIR)",
				);
				GCC_PRECOMPILE_PREFIX_HEADER = YES;
				GCC_PREFIX_HEADER = "iPhoneSettings/iPhoneSettings-Prefix.pch";
				GCC_PREPROCESSOR_DEFINITIONS = (
					"DEBUG=1",
					"$(inherited)",
				);
				INFOPLIST_FILE = "iPhoneSettingsTests/iPhoneSettingsTests-Info.plist";
				PRODUCT_NAME = "$(TARGET_NAME)";
				TEST_HOST = "$(BUNDLE_LOADER)";
				WRAPPER_EXTENSION = xctest;
			};
			name = Debug;
		};
		B2747F9919B661DB006DCE2E /* Release */ = {
			isa = XCBuildConfiguration;
			buildSettings = {
				BUNDLE_LOADER = "$(BUILT_PRODUCTS_DIR)/iPhoneSettings.app/iPhoneSettings";
				FRAMEWORK_SEARCH_PATHS = (
					"$(SDKROOT)/Developer/Library/Frameworks",
					"$(inherited)",
					"$(DEVELOPER_FRAMEWORKS_DIR)",
				);
				GCC_PRECOMPILE_PREFIX_HEADER = YES;
				GCC_PREFIX_HEADER = "iPhoneSettings/iPhoneSettings-Prefix.pch";
				INFOPLIST_FILE = "iPhoneSettingsTests/iPhoneSettingsTests-Info.plist";
				PRODUCT_NAME = "$(TARGET_NAME)";
				TEST_HOST = "$(BUNDLE_LOADER)";
				WRAPPER_EXTENSION = xctest;
			};
			name = Release;
		};
/* End XCBuildConfiguration section */

/* Begin XCConfigurationList section */
		B2747F5A19B661DB006DCE2E /* Build configuration list for PBXProject "iPhoneSettings" */ = {
			isa = XCConfigurationList;
			buildConfigurations = (
				B2747F9219B661DB006DCE2E /* Debug */,
				B2747F9319B661DB006DCE2E /* Release */,
			);
			defaultConfigurationIsVisible = 0;
			defaultConfigurationName = Release;
		};
		B2747F9419B661DB006DCE2E /* Build configuration list for PBXNativeTarget "iPhoneSettings" */ = {
			isa = XCConfigurationList;
			buildConfigurations = (
				B2747F9519B661DB006DCE2E /* Debug */,
				B2747F9619B661DB006DCE2E /* Release */,
			);
			defaultConfigurationIsVisible = 0;
		};
		B2747F9719B661DB006DCE2E /* Build configuration list for PBXNativeTarget "iPhoneSettingsTests" */ = {
			isa = XCConfigurationList;
			buildConfigurations = (
				B2747F9819B661DB006DCE2E /* Debug */,
				B2747F9919B661DB006DCE2E /* Release */,
			);
			defaultConfigurationIsVisible = 0;
		};
/* End XCConfigurationList section */
	};
	rootObject = B2747F5719B661DB006DCE2E /* Project object */;
}
